
Microsoft Visual Studio Solution File, Format Version 12.00
# Visual Studio Version 17
VisualStudioVersion = 17.3.32922.545
MinimumVisualStudioVersion = 10.0.40219.1
Project("{2150E333-8FDC-42A3-9474-1A3956D46DE8}") = "src", "src", "{B5F3CC5F-44B0-4D17-AE92-78512D3715E6}"
EndProject
Project("{2150E333-8FDC-42A3-9474-1A3956D46DE8}") = "Api", "Api", "{00EF8CDF-F14A-49E9-978B-7DB4F148B6C6}"
EndProject
Project("{2150E333-8FDC-42A3-9474-1A3956D46DE8}") = "Clients", "Clients", "{5A46586F-08E3-4936-8985-0A5A25D466D4}"
EndProject
Project("{2150E333-8FDC-42A3-9474-1A3956D46DE8}") = "Common", "Common", "{DCE7097A-CE6E-42F5-AB61-4F2859B789F8}"
EndProject
Project("{2150E333-8FDC-42A3-9474-1A3956D46DE8}") = "Projections", "Projections", "{F0AB7654-4B86-4B8F-94DB-08C307D8F7F8}"
EndProject
Project("{2150E333-8FDC-42A3-9474-1A3956D46DE8}") = "Core", "Core", "{F6A6CAB3-62F9-4F55-BA26-53EC50F5908B}"
EndProject
Project("{2150E333-8FDC-42A3-9474-1A3956D46DE8}") = "Infrastructure", "Infrastructure", "{2A6D89C1-53D5-412A-8A0B-45CA38417C50}"
EndProject
Project("{2150E333-8FDC-42A3-9474-1A3956D46DE8}") = "WebApi", "WebApi", "{F44B247A-33B3-42BB-B403-E58C12D797B7}"
EndProject
Project("{2150E333-8FDC-42A3-9474-1A3956D46DE8}") = "BlazorWeb", "BlazorWeb", "{CB37D96F-0896-4E37-9085-9E3F0C2C0620}"
EndProject
Project("{FAE04EC0-301F-11D3-BF4B-00C04F79EFBC}") = "BlazorSozluk.Common", "src\Common\BlazorSozluk.Common\BlazorSozluk.Common.csproj", "{D1F7428E-CE9B-40C7-A758-1E3B55D1888A}"
EndProject
Project("{FAE04EC0-301F-11D3-BF4B-00C04F79EFBC}") = "BlazorSozluk.Api.Domain", "src\Api\Core\BlazorSozluk.Api.Domain\BlazorSozluk.Api.Domain.csproj", "{1AE64A15-AA96-41E3-8DE1-78F83C1EC800}"
EndProject
Project("{FAE04EC0-301F-11D3-BF4B-00C04F79EFBC}") = "BlazorSozluk.Api.Application", "src\Api\Core\BlazorSozluk.Api.Application\BlazorSozluk.Api.Application.csproj", "{BBCAF9AF-862D-47D4-962D-A2B66096B711}"
EndProject
Project("{FAE04EC0-301F-11D3-BF4B-00C04F79EFBC}") = "BlazorSozluk.Infrastructure.Persistance", "src\Api\Infrastructure\BlazorSozluk.Infrastructure.Persistance\BlazorSozluk.Infrastructure.Persistance.csproj", "{72C34F3E-623E-4028-A847-FCAFF3E6DD56}"
EndProject
Project("{FAE04EC0-301F-11D3-BF4B-00C04F79EFBC}") = "BlazorSozluk.Api.WebApi", "src\Api\WebApi\BlazorSozluk.Api.WebApi\BlazorSozluk.Api.WebApi.csproj", "{CFA7155F-5FBD-4AFF-B257-D59480131F2E}"
EndProject
Project("{FAE04EC0-301F-11D3-BF4B-00C04F79EFBC}") = "BlazorSozluk.Projections.FavoriteService", "src\Projections\BlazorSozluk.Projections.FavoriteService\BlazorSozluk.Projections.FavoriteService.csproj", "{8EA17A0C-13F0-4105-8AFA-BB2D6032A91C}"
EndProject
Project("{FAE04EC0-301F-11D3-BF4B-00C04F79EFBC}") = "BlazorSozluk.Projections.User", "src\Projections\BlazorSozluk.Projections.User\BlazorSozluk.Projections.User.csproj", "{CB18954C-FA80-4AA2-BE93-07CABDF977E2}"
EndProject
Project("{FAE04EC0-301F-11D3-BF4B-00C04F79EFBC}") = "BlazorSozluk.Projections.VoteService", "src\Projections\BlazorSozluk.Projections.VoteService\BlazorSozluk.Projections.VoteService.csproj", "{143A75A4-B01E-4F93-988F-685E0AE49AA2}"
EndProject
Project("{FAE04EC0-301F-11D3-BF4B-00C04F79EFBC}") = "BlazorSozluk.WebApp", "src\Clients\BlazorWeb\BlazorSozluk.WebApp\BlazorSozluk.WebApp.csproj", "{EED81A7F-6F2F-4F72-BADF-740A2D6DC2EF}"
EndProject
Global
	GlobalSection(SolutionConfigurationPlatforms) = preSolution
		Debug|Any CPU = Debug|Any CPU
		Release|Any CPU = Release|Any CPU
	EndGlobalSection
	GlobalSection(ProjectConfigurationPlatforms) = postSolution
		{D1F7428E-CE9B-40C7-A758-1E3B55D1888A}.Debug|Any CPU.ActiveCfg = Debug|Any CPU
		{D1F7428E-CE9B-40C7-A758-1E3B55D1888A}.Debug|Any CPU.Build.0 = Debug|Any CPU
		{D1F7428E-CE9B-40C7-A758-1E3B55D1888A}.Release|Any CPU.ActiveCfg = Release|Any CPU
		{D1F7428E-CE9B-40C7-A758-1E3B55D1888A}.Release|Any CPU.Build.0 = Release|Any CPU
		{1AE64A15-AA96-41E3-8DE1-78F83C1EC800}.Debug|Any CPU.ActiveCfg = Debug|Any CPU
		{1AE64A15-AA96-41E3-8DE1-78F83C1EC800}.Debug|Any CPU.Build.0 = Debug|Any CPU
		{1AE64A15-AA96-41E3-8DE1-78F83C1EC800}.Release|Any CPU.ActiveCfg = Release|Any CPU
		{1AE64A15-AA96-41E3-8DE1-78F83C1EC800}.Release|Any CPU.Build.0 = Release|Any CPU
		{BBCAF9AF-862D-47D4-962D-A2B66096B711}.Debug|Any CPU.ActiveCfg = Debug|Any CPU
		{BBCAF9AF-862D-47D4-962D-A2B66096B711}.Debug|Any CPU.Build.0 = Debug|Any CPU
		{BBCAF9AF-862D-47D4-962D-A2B66096B711}.Release|Any CPU.ActiveCfg = Release|Any CPU
		{BBCAF9AF-862D-47D4-962D-A2B66096B711}.Release|Any CPU.Build.0 = Release|Any CPU
		{72C34F3E-623E-4028-A847-FCAFF3E6DD56}.Debug|Any CPU.ActiveCfg = Debug|Any CPU
		{72C34F3E-623E-4028-A847-FCAFF3E6DD56}.Debug|Any CPU.Build.0 = Debug|Any CPU
		{72C34F3E-623E-4028-A847-FCAFF3E6DD56}.Release|Any CPU.ActiveCfg = Release|Any CPU
		{72C34F3E-623E-4028-A847-FCAFF3E6DD56}.Release|Any CPU.Build.0 = Release|Any CPU
		{CFA7155F-5FBD-4AFF-B257-D59480131F2E}.Debug|Any CPU.ActiveCfg = Debug|Any CPU
		{CFA7155F-5FBD-4AFF-B257-D59480131F2E}.Debug|Any CPU.Build.0 = Debug|Any CPU
		{CFA7155F-5FBD-4AFF-B257-D59480131F2E}.Release|Any CPU.ActiveCfg = Release|Any CPU
		{CFA7155F-5FBD-4AFF-B257-D59480131F2E}.Release|Any CPU.Build.0 = Release|Any CPU
		{8EA17A0C-13F0-4105-8AFA-BB2D6032A91C}.Debug|Any CPU.ActiveCfg = Debug|Any CPU
		{8EA17A0C-13F0-4105-8AFA-BB2D6032A91C}.Debug|Any CPU.Build.0 = Debug|Any CPU
		{8EA17A0C-13F0-4105-8AFA-BB2D6032A91C}.Release|Any CPU.ActiveCfg = Release|Any CPU
		{8EA17A0C-13F0-4105-8AFA-BB2D6032A91C}.Release|Any CPU.Build.0 = Release|Any CPU
		{CB18954C-FA80-4AA2-BE93-07CABDF977E2}.Debug|Any CPU.ActiveCfg = Debug|Any CPU
		{CB18954C-FA80-4AA2-BE93-07CABDF977E2}.Debug|Any CPU.Build.0 = Debug|Any CPU
		{CB18954C-FA80-4AA2-BE93-07CABDF977E2}.Release|Any CPU.ActiveCfg = Release|Any CPU
		{CB18954C-FA80-4AA2-BE93-07CABDF977E2}.Release|Any CPU.Build.0 = Release|Any CPU
		{143A75A4-B01E-4F93-988F-685E0AE49AA2}.Debug|Any CPU.ActiveCfg = Debug|Any CPU
		{143A75A4-B01E-4F93-988F-685E0AE49AA2}.Debug|Any CPU.Build.0 = Debug|Any CPU
		{143A75A4-B01E-4F93-988F-685E0AE49AA2}.Release|Any CPU.ActiveCfg = Release|Any CPU
		{143A75A4-B01E-4F93-988F-685E0AE49AA2}.Release|Any CPU.Build.0 = Release|Any CPU
		{EED81A7F-6F2F-4F72-BADF-740A2D6DC2EF}.Debug|Any CPU.ActiveCfg = Debug|Any CPU
		{EED81A7F-6F2F-4F72-BADF-740A2D6DC2EF}.Debug|Any CPU.Build.0 = Debug|Any CPU
		{EED81A7F-6F2F-4F72-BADF-740A2D6DC2EF}.Release|Any CPU.ActiveCfg = Release|Any CPU
		{EED81A7F-6F2F-4F72-BADF-740A2D6DC2EF}.Release|Any CPU.Build.0 = Release|Any CPU
	EndGlobalSection
	GlobalSection(SolutionProperties) = preSolution
		HideSolutionNode = FALSE
	EndGlobalSection
	GlobalSection(NestedProjects) = preSolution
		{00EF8CDF-F14A-49E9-978B-7DB4F148B6C6} = {B5F3CC5F-44B0-4D17-AE92-78512D3715E6}
		{5A46586F-08E3-4936-8985-0A5A25D466D4} = {B5F3CC5F-44B0-4D17-AE92-78512D3715E6}
		{DCE7097A-CE6E-42F5-AB61-4F2859B789F8} = {B5F3CC5F-44B0-4D17-AE92-78512D3715E6}
		{F0AB7654-4B86-4B8F-94DB-08C307D8F7F8} = {B5F3CC5F-44B0-4D17-AE92-78512D3715E6}
		{F6A6CAB3-62F9-4F55-BA26-53EC50F5908B} = {00EF8CDF-F14A-49E9-978B-7DB4F148B6C6}
		{2A6D89C1-53D5-412A-8A0B-45CA38417C50} = {00EF8CDF-F14A-49E9-978B-7DB4F148B6C6}
		{F44B247A-33B3-42BB-B403-E58C12D797B7} = {00EF8CDF-F14A-49E9-978B-7DB4F148B6C6}
		{CB37D96F-0896-4E37-9085-9E3F0C2C0620} = {5A46586F-08E3-4936-8985-0A5A25D466D4}
		{D1F7428E-CE9B-40C7-A758-1E3B55D1888A} = {DCE7097A-CE6E-42F5-AB61-4F2859B789F8}
		{1AE64A15-AA96-41E3-8DE1-78F83C1EC800} = {F6A6CAB3-62F9-4F55-BA26-53EC50F5908B}
		{BBCAF9AF-862D-47D4-962D-A2B66096B711} = {F6A6CAB3-62F9-4F55-BA26-53EC50F5908B}
		{72C34F3E-623E-4028-A847-FCAFF3E6DD56} = {2A6D89C1-53D5-412A-8A0B-45CA38417C50}
		{CFA7155F-5FBD-4AFF-B257-D59480131F2E} = {F44B247A-33B3-42BB-B403-E58C12D797B7}
		{8EA17A0C-13F0-4105-8AFA-BB2D6032A91C} = {F0AB7654-4B86-4B8F-94DB-08C307D8F7F8}
		{CB18954C-FA80-4AA2-BE93-07CABDF977E2} = {F0AB7654-4B86-4B8F-94DB-08C307D8F7F8}
		{143A75A4-B01E-4F93-988F-685E0AE49AA2} = {F0AB7654-4B86-4B8F-94DB-08C307D8F7F8}
		{EED81A7F-6F2F-4F72-BADF-740A2D6DC2EF} = {CB37D96F-0896-4E37-9085-9E3F0C2C0620}
	EndGlobalSection
	GlobalSection(ExtensibilityGlobals) = postSolution
		SolutionGuid = {22DBE75C-E42A-4BBA-AB2E-C0B9C24B8AB7}
	EndGlobalSection
EndGlobal
